
Microsoft Visual Studio Solution File, Format Version 12.00
# Visual Studio Version 17
VisualStudioVersion = 17.8.34511.84
MinimumVisualStudioVersion = 10.0.40219.1
Project("{FAE04EC0-301F-11D3-BF4B-00C04F79EFBC}") = "MVCPracticaSecret", "MVCPracticaSecret\MVCPracticaSecret.csproj", "{328EA17A-A794-465C-88A0-E812EDD57683}"
EndProject
Global
	GlobalSection(SolutionConfigurationPlatforms) = preSolution
		Debug|Any CPU = Debug|Any CPU
		Release|Any CPU = Release|Any CPU
	EndGlobalSection
	GlobalSection(ProjectConfigurationPlatforms) = postSolution
		{328EA17A-A794-465C-88A0-E812EDD57683}.Debug|Any CPU.ActiveCfg = Debug|Any CPU
		{328EA17A-A794-465C-88A0-E812EDD57683}.Debug|Any CPU.Build.0 = Debug|Any CPU
		{328EA17A-A794-465C-88A0-E812EDD57683}.Release|Any CPU.ActiveCfg = Release|Any CPU
		{328EA17A-A794-465C-88A0-E812EDD57683}.Release|Any CPU.Build.0 = Release|Any CPU
	EndGlobalSection
	GlobalSection(SolutionProperties) = preSolution
		HideSolutionNode = FALSE
	EndGlobalSection
	GlobalSection(ExtensibilityGlobals) = postSolution
		SolutionGuid = {644BA111-276E-43DF-9AA3-9D1502B7A2DF}
	EndGlobalSection
EndGlobal
